PODS:
  - Flutter (1.0.0)
  - widget_face_sdk (0.0.1):
    - Flutter

DEPENDENCIES:
  - Flutter (from `Flutter`)
  - widget_face_sdk (from `.symlinks/plugins/widget_face_sdk/ios`)

EXTERNAL SOURCES:
  Flutter:
    :path: Flutter
  widget_face_sdk:
    :path: ".symlinks/plugins/widget_face_sdk/ios"

SPEC CHECKSUMS:
  Flutter: 0e3d915762c693b495b44d77113d4970485de6ec
  widget_face_sdk: c33edebe8faa7fbb1f2d2cd44f28683d9d614074

PODFILE CHECKSUM: 8e679eca47255a8ca8067c4c67aab20e64cb974d

COCOAPODS: 1.8.4
